
Microsoft Visual Studio Solution File, Format Version 11.00
# Visual Studio 2010
Project("{8BC9CEB8-8B4A-11D0-8D11-00A0C91BC942}") = "tugasbesar", "tugasbesar\tugasbesar.vcxproj", "{BDE7AB0F-6E59-459E-B27E-1E193B149E3C}"
EndProject
Global
	GlobalSection(SolutionConfigurationPlatforms) = preSolution
		Debug|Win32 = Debug|Win32
		Release|Win32 = Release|Win32
	EndGlobalSection
	GlobalSection(ProjectConfigurationPlatforms) = postSolution
		{BDE7AB0F-6E59-459E-B27E-1E193B149E3C}.Debug|Win32.ActiveCfg = Debug|Win32
		{BDE7AB0F-6E59-459E-B27E-1E193B149E3C}.Debug|Win32.Build.0 = Debug|Win32
		{BDE7AB0F-6E59-459E-B27E-1E193B149E3C}.Release|Win32.ActiveCfg = Release|Win32
		{BDE7AB0F-6E59-459E-B27E-1E193B149E3C}.Release|Win32.Build.0 = Release|Win32
	EndGlobalSection
	GlobalSection(SolutionProperties) = preSolution
		HideSolutionNode = FALSE
	EndGlobalSection
EndGlobal
